// !$*UTF8*$!
{
	archiveVersion = 1;
	classes = {
	};
	objectVersion = 56;
	objects = {

/* Begin PBXBuildFile section */
		220A1B3B2AE8F391002FEFA2 /* Launch Screen.storyboard in Resources */ = {isa = PBXBuildFile; fileRef = 220A1B3A2AE8F391002FEFA2 /* Launch Screen.storyboard */; };
		220A1B3F2AE8FC79002FEFA2 /* MainTabView.swift in Sources */ = {isa = PBXBuildFile; fileRef = 220A1B3E2AE8FC79002FEFA2 /* MainTabView.swift */; };
		220A1B4A2AE9041D002FEFA2 /* ProfileView.swift in Sources */ = {isa = PBXBuildFile; fileRef = 220A1B492AE9041D002FEFA2 /* ProfileView.swift */; };
		220A1B4C2AE90442002FEFA2 /* PrivacyView.swift in Sources */ = {isa = PBXBuildFile; fileRef = 220A1B4B2AE90442002FEFA2 /* PrivacyView.swift */; };
		220A1B4E2AE90459002FEFA2 /* FeedbackView.swift in Sources */ = {isa = PBXBuildFile; fileRef = 220A1B4D2AE90459002FEFA2 /* FeedbackView.swift */; };
		220A1B502AE9046F002FEFA2 /* HomeView.swift in Sources */ = {isa = PBXBuildFile; fileRef = 220A1B4F2AE9046F002FEFA2 /* HomeView.swift */; };
		220A1B562AE90A5B002FEFA2 /* Color+Extension.swift in Sources */ = {isa = PBXBuildFile; fileRef = 220A1B552AE90A5B002FEFA2 /* Color+Extension.swift */; };
		220A1B582AE90EA3002FEFA2 /* UserDefaults+Extension.swift in Sources */ = {isa = PBXBuildFile; fileRef = 220A1B572AE90EA3002FEFA2 /* UserDefaults+Extension.swift */; };
		220A1B5B2AE910F1002FEFA2 /* IntroducationView.swift in Sources */ = {isa = PBXBuildFile; fileRef = 220A1B5A2AE910F1002FEFA2 /* IntroducationView.swift */; };
		220A1B5F2AEA0770002FEFA2 /* Log+Extension.swift in Sources */ = {isa = PBXBuildFile; fileRef = 220A1B5E2AEA0770002FEFA2 /* Log+Extension.swift */; };
		22C16F0B2AEA1DFD00DBE28A /* ContentView.swift in Sources */ = {isa = PBXBuildFile; fileRef = 22C16F0A2AEA1DFD00DBE28A /* ContentView.swift */; };
		22C16F102AEA1E3A00DBE28A /* ContentViewModel.swift in Sources */ = {isa = PBXBuildFile; fileRef = 22C16F0F2AEA1E3A00DBE28A /* ContentViewModel.swift */; };
		22C16F132AEA3B1500DBE28A /* HomeViewModel.swift in Sources */ = {isa = PBXBuildFile; fileRef = 22C16F122AEA3B1500DBE28A /* HomeViewModel.swift */; };
		22C16F1B2AEA491800DBE28A /* CombineMoya in Frameworks */ = {isa = PBXBuildFile; productRef = 22C16F1A2AEA491800DBE28A /* CombineMoya */; };
		22C16F1D2AEA491800DBE28A /* Moya in Frameworks */ = {isa = PBXBuildFile; productRef = 22C16F1C2AEA491800DBE28A /* Moya */; };
		22C16F1F2AEA491800DBE28A /* ReactiveMoya in Frameworks */ = {isa = PBXBuildFile; productRef = 22C16F1E2AEA491800DBE28A /* ReactiveMoya */; };
		22C16F212AEA491800DBE28A /* RxMoya in Frameworks */ = {isa = PBXBuildFile; productRef = 22C16F202AEA491800DBE28A /* RxMoya */; };
		22C16F232AEA4A1500DBE28A /* APIClient.swift in Sources */ = {isa = PBXBuildFile; fileRef = 22C16F222AEA4A1500DBE28A /* APIClient.swift */; };
		22C16F252AEA4B9400DBE28A /* Plugins.swift in Sources */ = {isa = PBXBuildFile; fileRef = 22C16F242AEA4B9400DBE28A /* Plugins.swift */; };
		22C16F282AEA4E2700DBE28A /* Global.swift in Sources */ = {isa = PBXBuildFile; fileRef = 22C16F272AEA4E2700DBE28A /* Global.swift */; };
		22C16F2A2AEA5E8A00DBE28A /* UIDevice+Extension.swift in Sources */ = {isa = PBXBuildFile; fileRef = 22C16F292AEA5E8A00DBE28A /* UIDevice+Extension.swift */; };
		22C16F2C2AEA663C00DBE28A /* String+Extension.swift in Sources */ = {isa = PBXBuildFile; fileRef = 22C16F2B2AEA663C00DBE28A /* String+Extension.swift */; };
		22C16F2E2AEB549700DBE28A /* APIService.swift in Sources */ = {isa = PBXBuildFile; fileRef = 22C16F2D2AEB549700DBE28A /* APIService.swift */; };
		22C16F312AEB9D3D00DBE28A /* Product.swift in Sources */ = {isa = PBXBuildFile; fileRef = 22C16F302AEB9D3D00DBE28A /* Product.swift */; };
		22C16F332AEBA37300DBE28A /* UserInfo.swift in Sources */ = {isa = PBXBuildFile; fileRef = 22C16F322AEBA37300DBE28A /* UserInfo.swift */; };
		22C16F372AEBD21700DBE28A /* BaseResponse.swift in Sources */ = {isa = PBXBuildFile; fileRef = 22C16F362AEBD21600DBE28A /* BaseResponse.swift */; };
		22C16F392AEF4B5E00DBE28A /* APPError.swift in Sources */ = {isa = PBXBuildFile; fileRef = 22C16F382AEF4B5E00DBE28A /* APPError.swift */; };
		22C16F3F2AEF5E3D00DBE28A /* ToastUI in Frameworks */ = {isa = PBXBuildFile; productRef = 22C16F3E2AEF5E3D00DBE28A /* ToastUI */; };
		22C16F442AEF8C0900DBE28A /* Kingfisher in Frameworks */ = {isa = PBXBuildFile; productRef = 22C16F432AEF8C0900DBE28A /* Kingfisher */; };
		22C16F492AEF9AEB00DBE28A /* ProductItemView.swift in Sources */ = {isa = PBXBuildFile; fileRef = 22C16F482AEF9AEB00DBE28A /* ProductItemView.swift */; };
		22C16F4B2AEF9C1000DBE28A /* LoginView.swift in Sources */ = {isa = PBXBuildFile; fileRef = 22C16F4A2AEF9C1000DBE28A /* LoginView.swift */; };
		22C16F4E2AEFA4C500DBE28A /* BackButton.swift in Sources */ = {isa = PBXBuildFile; fileRef = 22C16F4D2AEFA4C500DBE28A /* BackButton.swift */; };
		22C16F502AEFB52500DBE28A /* PhoneInputView.swift in Sources */ = {isa = PBXBuildFile; fileRef = 22C16F4F2AEFB52500DBE28A /* PhoneInputView.swift */; };
		22C16F522AEFB57700DBE28A /* OTPCodeInputView.swift in Sources */ = {isa = PBXBuildFile; fileRef = 22C16F512AEFB57700DBE28A /* OTPCodeInputView.swift */; };
		22C16F542AEFB6C600DBE28A /* LogoView.swift in Sources */ = {isa = PBXBuildFile; fileRef = 22C16F532AEFB6C600DBE28A /* LogoView.swift */; };
		22C16F562AEFBCA700DBE28A /* LoginViewModel.swift in Sources */ = {isa = PBXBuildFile; fileRef = 22C16F552AEFBCA700DBE28A /* LoginViewModel.swift */; };
		22EAC3422AF0C96F00ADC700 /* SwiftUIX in Frameworks */ = {isa = PBXBuildFile; productRef = 22EAC3412AF0C96F00ADC700 /* SwiftUIX */; };
		22EBEE0D2AD25035008F27DE /* EasyFundsApp.swift in Sources */ = {isa = PBXBuildFile; fileRef = 22EBEE0C2AD25035008F27DE /* EasyFundsApp.swift */; };
		22EBEE112AD25038008F27DE /* Assets.xcassets in Resources */ = {isa = PBXBuildFile; fileRef = 22EBEE102AD25038008F27DE /* Assets.xcassets */; };
		22EBEE142AD25038008F27DE /* Preview Assets.xcassets in Resources */ = {isa = PBXBuildFile; fileRef = 22EBEE132AD25038008F27DE /* Preview Assets.xcassets */; };
/* End PBXBuildFile section */

/* Begin PBXFileReference section */
		220A1B3A2AE8F391002FEFA2 /* Launch Screen.storyboard */ = {isa = PBXFileReference; lastKnownFileType = file.storyboard; path = "Launch Screen.storyboard"; sourceTree = "<group>"; };
		220A1B3E2AE8FC79002FEFA2 /* MainTabView.swift */ = {isa = PBXFileReference; lastKnownFileType = sourcecode.swift; path = MainTabView.swift; sourceTree = "<group>"; };
		220A1B492AE9041D002FEFA2 /* ProfileView.swift */ = {isa = PBXFileReference; lastKnownFileType = sourcecode.swift; path = ProfileView.swift; sourceTree = "<group>"; };
		220A1B4B2AE90442002FEFA2 /* PrivacyView.swift */ = {isa = PBXFileReference; lastKnownFileType = sourcecode.swift; path = PrivacyView.swift; sourceTree = "<group>"; };
		220A1B4D2AE90459002FEFA2 /* FeedbackView.swift */ = {isa = PBXFileReference; lastKnownFileType = sourcecode.swift; path = FeedbackView.swift; sourceTree = "<group>"; };
		220A1B4F2AE9046F002FEFA2 /* HomeView.swift */ = {isa = PBXFileReference; lastKnownFileType = sourcecode.swift; path = HomeView.swift; sourceTree = "<group>"; };
		220A1B552AE90A5B002FEFA2 /* Color+Extension.swift */ = {isa = PBXFileReference; lastKnownFileType = sourcecode.swift; path = "Color+Extension.swift"; sourceTree = "<group>"; };
		220A1B572AE90EA3002FEFA2 /* UserDefaults+Extension.swift */ = {isa = PBXFileReference; lastKnownFileType = sourcecode.swift; path = "UserDefaults+Extension.swift"; sourceTree = "<group>"; };
		220A1B5A2AE910F1002FEFA2 /* IntroducationView.swift */ = {isa = PBXFileReference; lastKnownFileType = sourcecode.swift; path = IntroducationView.swift; sourceTree = "<group>"; };
		220A1B5E2AEA0770002FEFA2 /* Log+Extension.swift */ = {isa = PBXFileReference; lastKnownFileType = sourcecode.swift; path = "Log+Extension.swift"; sourceTree = "<group>"; };
		22C16F0A2AEA1DFD00DBE28A /* ContentView.swift */ = {isa = PBXFileReference; lastKnownFileType = sourcecode.swift; path = ContentView.swift; sourceTree = "<group>"; };
		22C16F0F2AEA1E3A00DBE28A /* ContentViewModel.swift */ = {isa = PBXFileReference; lastKnownFileType = sourcecode.swift; path = ContentViewModel.swift; sourceTree = "<group>"; };
		22C16F122AEA3B1500DBE28A /* HomeViewModel.swift */ = {isa = PBXFileReference; lastKnownFileType = sourcecode.swift; path = HomeViewModel.swift; sourceTree = "<group>"; };
		22C16F222AEA4A1500DBE28A /* APIClient.swift */ = {isa = PBXFileReference; lastKnownFileType = sourcecode.swift; path = APIClient.swift; sourceTree = "<group>"; };
		22C16F242AEA4B9400DBE28A /* Plugins.swift */ = {isa = PBXFileReference; lastKnownFileType = sourcecode.swift; path = Plugins.swift; sourceTree = "<group>"; };
		22C16F272AEA4E2700DBE28A /* Global.swift */ = {isa = PBXFileReference; lastKnownFileType = sourcecode.swift; path = Global.swift; sourceTree = "<group>"; };
		22C16F292AEA5E8A00DBE28A /* UIDevice+Extension.swift */ = {isa = PBXFileReference; fileEncoding = 4; lastKnownFileType = sourcecode.swift; path = "UIDevice+Extension.swift"; sourceTree = "<group>"; };
		22C16F2B2AEA663C00DBE28A /* String+Extension.swift */ = {isa = PBXFileReference; lastKnownFileType = sourcecode.swift; path = "String+Extension.swift"; sourceTree = "<group>"; };
		22C16F2D2AEB549700DBE28A /* APIService.swift */ = {isa = PBXFileReference; lastKnownFileType = sourcecode.swift; path = APIService.swift; sourceTree = "<group>"; };
		22C16F302AEB9D3D00DBE28A /* Product.swift */ = {isa = PBXFileReference; lastKnownFileType = sourcecode.swift; path = Product.swift; sourceTree = "<group>"; };
		22C16F322AEBA37300DBE28A /* UserInfo.swift */ = {isa = PBXFileReference; lastKnownFileType = sourcecode.swift; path = UserInfo.swift; sourceTree = "<group>"; };
		22C16F362AEBD21600DBE28A /* BaseResponse.swift */ = {isa = PBXFileReference; fileEncoding = 4; lastKnownFileType = sourcecode.swift; path = BaseResponse.swift; sourceTree = "<group>"; };
		22C16F382AEF4B5E00DBE28A /* APPError.swift */ = {isa = PBXFileReference; lastKnownFileType = sourcecode.swift; path = APPError.swift; sourceTree = "<group>"; };
		22C16F482AEF9AEB00DBE28A /* ProductItemView.swift */ = {isa = PBXFileReference; lastKnownFileType = sourcecode.swift; path = ProductItemView.swift; sourceTree = "<group>"; };
		22C16F4A2AEF9C1000DBE28A /* LoginView.swift */ = {isa = PBXFileReference; lastKnownFileType = sourcecode.swift; path = LoginView.swift; sourceTree = "<group>"; };
		22C16F4D2AEFA4C500DBE28A /* BackButton.swift */ = {isa = PBXFileReference; lastKnownFileType = sourcecode.swift; path = BackButton.swift; sourceTree = "<group>"; };
		22C16F4F2AEFB52500DBE28A /* PhoneInputView.swift */ = {isa = PBXFileReference; lastKnownFileType = sourcecode.swift; path = PhoneInputView.swift; sourceTree = "<group>"; };
		22C16F512AEFB57700DBE28A /* OTPCodeInputView.swift */ = {isa = PBXFileReference; lastKnownFileType = sourcecode.swift; path = OTPCodeInputView.swift; sourceTree = "<group>"; };
		22C16F532AEFB6C600DBE28A /* LogoView.swift */ = {isa = PBXFileReference; lastKnownFileType = sourcecode.swift; path = LogoView.swift; sourceTree = "<group>"; };
		22C16F552AEFBCA700DBE28A /* LoginViewModel.swift */ = {isa = PBXFileReference; lastKnownFileType = sourcecode.swift; path = LoginViewModel.swift; sourceTree = "<group>"; };
		22EBEE092AD25035008F27DE /* EasyFunds.app */ = {isa = PBXFileReference; explicitFileType = wrapper.application; includeInIndex = 0; path = EasyFunds.app; sourceTree = BUILT_PRODUCTS_DIR; };
		22EBEE0C2AD25035008F27DE /* EasyFundsApp.swift */ = {isa = PBXFileReference; lastKnownFileType = sourcecode.swift; path = EasyFundsApp.swift; sourceTree = "<group>"; };
		22EBEE102AD25038008F27DE /* Assets.xcassets */ = {isa = PBXFileReference; lastKnownFileType = folder.assetcatalog; path = Assets.xcassets; sourceTree = "<group>"; };
		22EBEE132AD25038008F27DE /* Preview Assets.xcassets */ = {isa = PBXFileReference; lastKnownFileType = folder.assetcatalog; path = "Preview Assets.xcassets"; sourceTree = "<group>"; };
		22EBEE1A2AD2520E008F27DE /* Info.plist */ = {isa = PBXFileReference; lastKnownFileType = text.plist.xml; path = Info.plist; sourceTree = "<group>"; };
/* End PBXFileReference section */

/* Begin PBXFrameworksBuildPhase section */
		22EBEE062AD25035008F27DE /* Frameworks */ = {
			isa = PBXFrameworksBuildPhase;
			buildActionMask = 2147483647;
			files = (
				22EAC3422AF0C96F00ADC700 /* SwiftUIX in Frameworks */,
				22C16F442AEF8C0900DBE28A /* Kingfisher in Frameworks */,
				22C16F1D2AEA491800DBE28A /* Moya in Frameworks */,
				22C16F1B2AEA491800DBE28A /* CombineMoya in Frameworks */,
				22C16F212AEA491800DBE28A /* RxMoya in Frameworks */,
				22C16F3F2AEF5E3D00DBE28A /* ToastUI in Frameworks */,
				22C16F1F2AEA491800DBE28A /* ReactiveMoya in Frameworks */,
			);
			runOnlyForDeploymentPostprocessing = 0;
		};
/* End PBXFrameworksBuildPhase section */

/* Begin PBXGroup section */
		220A1B3C2AE8FC3F002FEFA2 /* Core */ = {
			isa = PBXGroup;
			children = (
				22C16F452AEF9A9000DBE28A /* Login */,
				22C16F0C2AEA1E1200DBE28A /* Root */,
				220A1B592AE91055002FEFA2 /* Introduction */,
				220A1B472AE90405002FEFA2 /* Profile */,
				220A1B462AE903FA002FEFA2 /* Privacy */,
				220A1B442AE903E3002FEFA2 /* Feedback */,
				220A1B422AE903D6002FEFA2 /* Home */,
				220A1B3D2AE8FC54002FEFA2 /* TabBar */,
			);
			path = Core;
			sourceTree = "<group>";
		};
		220A1B3D2AE8FC54002FEFA2 /* TabBar */ = {
			isa = PBXGroup;
			children = (
				220A1B3E2AE8FC79002FEFA2 /* MainTabView.swift */,
			);
			path = TabBar;
			sourceTree = "<group>";
		};
		220A1B402AE8FD5A002FEFA2 /* Resources */ = {
			isa = PBXGroup;
			children = (
				22EBEE102AD25038008F27DE /* Assets.xcassets */,
				220A1B3A2AE8F391002FEFA2 /* Launch Screen.storyboard */,
			);
			path = Resources;
			sourceTree = "<group>";
		};
		220A1B412AE8FD92002FEFA2 /* App */ = {
			isa = PBXGroup;
			children = (
				22EBEE1A2AD2520E008F27DE /* Info.plist */,
				22EBEE0C2AD25035008F27DE /* EasyFundsApp.swift */,
			);
			path = App;
			sourceTree = "<group>";
		};
		220A1B422AE903D6002FEFA2 /* Home */ = {
			isa = PBXGroup;
			children = (
				220A1B432AE903DC002FEFA2 /* View */,
				22C16F2F2AEB9D2500DBE28A /* Model */,
				22C16F112AEA3AFB00DBE28A /* ViewModel */,
			);
			path = Home;
			sourceTree = "<group>";
		};
		220A1B432AE903DC002FEFA2 /* View */ = {
			isa = PBXGroup;
			children = (
				220A1B4F2AE9046F002FEFA2 /* HomeView.swift */,
				22C16F482AEF9AEB00DBE28A /* ProductItemView.swift */,
			);
			path = View;
			sourceTree = "<group>";
		};
		220A1B442AE903E3002FEFA2 /* Feedback */ = {
			isa = PBXGroup;
			children = (
				220A1B452AE903F5002FEFA2 /* Views */,
			);
			path = Feedback;
			sourceTree = "<group>";
		};
		220A1B452AE903F5002FEFA2 /* Views */ = {
			isa = PBXGroup;
			children = (
				220A1B4D2AE90459002FEFA2 /* FeedbackView.swift */,
			);
			path = Views;
			sourceTree = "<group>";
		};
		220A1B462AE903FA002FEFA2 /* Privacy */ = {
			isa = PBXGroup;
			children = (
				220A1B4B2AE90442002FEFA2 /* PrivacyView.swift */,
			);
			path = Privacy;
			sourceTree = "<group>";
		};
		220A1B472AE90405002FEFA2 /* Profile */ = {
			isa = PBXGroup;
			children = (
				220A1B482AE9040E002FEFA2 /* Views */,
			);
			path = Profile;
			sourceTree = "<group>";
		};
		220A1B482AE9040E002FEFA2 /* Views */ = {
			isa = PBXGroup;
			children = (
				220A1B492AE9041D002FEFA2 /* ProfileView.swift */,
			);
			path = Views;
			sourceTree = "<group>";
		};
		220A1B542AE90A21002FEFA2 /* Extensions */ = {
			isa = PBXGroup;
			children = (
				22C16F292AEA5E8A00DBE28A /* UIDevice+Extension.swift */,
				220A1B552AE90A5B002FEFA2 /* Color+Extension.swift */,
				220A1B572AE90EA3002FEFA2 /* UserDefaults+Extension.swift */,
				220A1B5E2AEA0770002FEFA2 /* Log+Extension.swift */,
				22C16F2B2AEA663C00DBE28A /* String+Extension.swift */,
			);
			path = Extensions;
			sourceTree = "<group>";
		};
		220A1B592AE91055002FEFA2 /* Introduction */ = {
			isa = PBXGroup;
			children = (
				220A1B5A2AE910F1002FEFA2 /* IntroducationView.swift */,
			);
			path = Introduction;
			sourceTree = "<group>";
		};
		22C16F0C2AEA1E1200DBE28A /* Root */ = {
			isa = PBXGroup;
			children = (
				22C16F0D2AEA1E1700DBE28A /* Views */,
				22C16F0E2AEA1E2000DBE28A /* ViewModel */,
			);
			path = Root;
			sourceTree = "<group>";
		};
		22C16F0D2AEA1E1700DBE28A /* Views */ = {
			isa = PBXGroup;
			children = (
				22C16F0A2AEA1DFD00DBE28A /* ContentView.swift */,
			);
			path = Views;
			sourceTree = "<group>";
		};
		22C16F0E2AEA1E2000DBE28A /* ViewModel */ = {
			isa = PBXGroup;
			children = (
				22C16F0F2AEA1E3A00DBE28A /* ContentViewModel.swift */,
			);
			path = ViewModel;
			sourceTree = "<group>";
		};
		22C16F112AEA3AFB00DBE28A /* ViewModel */ = {
			isa = PBXGroup;
			children = (
				22C16F122AEA3B1500DBE28A /* HomeViewModel.swift */,
			);
			path = ViewModel;
			sourceTree = "<group>";
		};
		22C16F142AEA3E5F00DBE28A /* NetoworkUtil */ = {
			isa = PBXGroup;
			children = (
				22C16F242AEA4B9400DBE28A /* Plugins.swift */,
				22C16F222AEA4A1500DBE28A /* APIClient.swift */,
				22C16F2D2AEB549700DBE28A /* APIService.swift */,
				22C16F362AEBD21600DBE28A /* BaseResponse.swift */,
			);
			path = NetoworkUtil;
			sourceTree = "<group>";
		};
		22C16F262AEA4E0800DBE28A /* Utils */ = {
			isa = PBXGroup;
			children = (
				22C16F272AEA4E2700DBE28A /* Global.swift */,
				22C16F382AEF4B5E00DBE28A /* APPError.swift */,
			);
			path = Utils;
			sourceTree = "<group>";
		};
		22C16F2F2AEB9D2500DBE28A /* Model */ = {
			isa = PBXGroup;
			children = (
				22C16F302AEB9D3D00DBE28A /* Product.swift */,
				22C16F322AEBA37300DBE28A /* UserInfo.swift */,
			);
			path = Model;
			sourceTree = "<group>";
		};
		22C16F452AEF9A9000DBE28A /* Login */ = {
			isa = PBXGroup;
			children = (
				22C16F462AEF9A9500DBE28A /* View */,
				22C16F472AEF9AA700DBE28A /* ViewModel */,
			);
			path = Login;
			sourceTree = "<group>";
		};
		22C16F462AEF9A9500DBE28A /* View */ = {
			isa = PBXGroup;
			children = (
				22C16F4A2AEF9C1000DBE28A /* LoginView.swift */,
				22C16F532AEFB6C600DBE28A /* LogoView.swift */,
				22C16F4F2AEFB52500DBE28A /* PhoneInputView.swift */,
				22C16F512AEFB57700DBE28A /* OTPCodeInputView.swift */,
			);
			path = View;
			sourceTree = "<group>";
		};
		22C16F472AEF9AA700DBE28A /* ViewModel */ = {
			isa = PBXGroup;
			children = (
				22C16F552AEFBCA700DBE28A /* LoginViewModel.swift */,
			);
			path = ViewModel;
			sourceTree = "<group>";
		};
		22C16F4C2AEFA48300DBE28A /* Widget */ = {
			isa = PBXGroup;
			children = (
				22C16F4D2AEFA4C500DBE28A /* BackButton.swift */,
			);
			path = Widget;
			sourceTree = "<group>";
		};
		22EBEE002AD25035008F27DE = {
			isa = PBXGroup;
			children = (
				22EBEE0B2AD25035008F27DE /* EasyFunds */,
				22EBEE0A2AD25035008F27DE /* Products */,
			);
			sourceTree = "<group>";
		};
		22EBEE0A2AD25035008F27DE /* Products */ = {
			isa = PBXGroup;
			children = (
				22EBEE092AD25035008F27DE /* EasyFunds.app */,
			);
			name = Products;
			sourceTree = "<group>";
		};
		22EBEE0B2AD25035008F27DE /* EasyFunds */ = {
			isa = PBXGroup;
			children = (
				220A1B412AE8FD92002FEFA2 /* App */,
				220A1B3C2AE8FC3F002FEFA2 /* Core */,
				22C16F262AEA4E0800DBE28A /* Utils */,
				22C16F4C2AEFA48300DBE28A /* Widget */,
				220A1B542AE90A21002FEFA2 /* Extensions */,
				220A1B402AE8FD5A002FEFA2 /* Resources */,
				22C16F142AEA3E5F00DBE28A /* NetoworkUtil */,
				22EBEE122AD25038008F27DE /* Preview Content */,
			);
			path = EasyFunds;
			sourceTree = "<group>";
		};
		22EBEE122AD25038008F27DE /* Preview Content */ = {
			isa = PBXGroup;
			children = (
				22EBEE132AD25038008F27DE /* Preview Assets.xcassets */,
			);
			path = "Preview Content";
			sourceTree = "<group>";
		};
/* End PBXGroup section */

/* Begin PBXNativeTarget section */
		22EBEE082AD25035008F27DE /* EasyFunds */ = {
			isa = PBXNativeTarget;
			buildConfigurationList = 22EBEE172AD25038008F27DE /* Build configuration list for PBXNativeTarget "EasyFunds" */;
			buildPhases = (
				22EBEE052AD25035008F27DE /* Sources */,
				22EBEE062AD25035008F27DE /* Frameworks */,
				22EBEE072AD25035008F27DE /* Resources */,
			);
			buildRules = (
			);
			dependencies = (
			);
			name = EasyFunds;
			packageProductDependencies = (
				22C16F1A2AEA491800DBE28A /* CombineMoya */,
				22C16F1C2AEA491800DBE28A /* Moya */,
				22C16F1E2AEA491800DBE28A /* ReactiveMoya */,
				22C16F202AEA491800DBE28A /* RxMoya */,
				22C16F3E2AEF5E3D00DBE28A /* ToastUI */,
				22C16F432AEF8C0900DBE28A /* Kingfisher */,
				22EAC3412AF0C96F00ADC700 /* SwiftUIX */,
			);
			productName = EasyFunds;
			productReference = 22EBEE092AD25035008F27DE /* EasyFunds.app */;
			productType = "com.apple.product-type.application";
		};
/* End PBXNativeTarget section */

/* Begin PBXProject section */
		22EBEE012AD25035008F27DE /* Project object */ = {
			isa = PBXProject;
			attributes = {
				BuildIndependentTargetsInParallel = 1;
				LastSwiftUpdateCheck = 1500;
				LastUpgradeCheck = 1500;
				TargetAttributes = {
					22EBEE082AD25035008F27DE = {
						CreatedOnToolsVersion = 15.0;
					};
				};
			};
			buildConfigurationList = 22EBEE042AD25035008F27DE /* Build configuration list for PBXProject "EasyFunds" */;
			compatibilityVersion = "Xcode 14.0";
			developmentRegion = en;
			hasScannedForEncodings = 0;
			knownRegions = (
				en,
				Base,
			);
			mainGroup = 22EBEE002AD25035008F27DE;
			packageReferences = (
				22C16F192AEA491800DBE28A /* XCRemoteSwiftPackageReference "Moya" */,
				22C16F3D2AEF5E3D00DBE28A /* XCRemoteSwiftPackageReference "ToastUI" */,
				22C16F422AEF8C0900DBE28A /* XCRemoteSwiftPackageReference "Kingfisher" */,
				22EAC3402AF0C96F00ADC700 /* XCRemoteSwiftPackageReference "SwiftUIX" */,
			);
			productRefGroup = 22EBEE0A2AD25035008F27DE /* Products */;
			projectDirPath = "";
			projectRoot = "";
			targets = (
				22EBEE082AD25035008F27DE /* EasyFunds */,
			);
		};
/* End PBXProject section */

/* Begin PBXResourcesBuildPhase section */
		22EBEE072AD25035008F27DE /* Resources */ = {
			isa = PBXResourcesBuildPhase;
			buildActionMask = 2147483647;
			files = (
				220A1B3B2AE8F391002FEFA2 /* Launch Screen.storyboard in Resources */,
				22EBEE142AD25038008F27DE /* Preview Assets.xcassets in Resources */,
				22EBEE112AD25038008F27DE /* Assets.xcassets in Resources */,
			);
			runOnlyForDeploymentPostprocessing = 0;
		};
/* End PBXResourcesBuildPhase section */

/* Begin PBXSourcesBuildPhase section */
		22EBEE052AD25035008F27DE /* Sources */ = {
			isa = PBXSourcesBuildPhase;
			buildActionMask = 2147483647;
			files = (
				220A1B5B2AE910F1002FEFA2 /* IntroducationView.swift in Sources */,
				22C16F0B2AEA1DFD00DBE28A /* ContentView.swift in Sources */,
				22C16F392AEF4B5E00DBE28A /* APPError.swift in Sources */,
				22C16F492AEF9AEB00DBE28A /* ProductItemView.swift in Sources */,
				220A1B4A2AE9041D002FEFA2 /* ProfileView.swift in Sources */,
				22C16F2C2AEA663C00DBE28A /* String+Extension.swift in Sources */,
				220A1B502AE9046F002FEFA2 /* HomeView.swift in Sources */,
				220A1B5F2AEA0770002FEFA2 /* Log+Extension.swift in Sources */,
				22C16F562AEFBCA700DBE28A /* LoginViewModel.swift in Sources */,
				22C16F2E2AEB549700DBE28A /* APIService.swift in Sources */,
				22EBEE0D2AD25035008F27DE /* EasyFundsApp.swift in Sources */,
				22C16F522AEFB57700DBE28A /* OTPCodeInputView.swift in Sources */,
				220A1B3F2AE8FC79002FEFA2 /* MainTabView.swift in Sources */,
				22C16F372AEBD21700DBE28A /* BaseResponse.swift in Sources */,
				220A1B4C2AE90442002FEFA2 /* PrivacyView.swift in Sources */,
				22C16F4B2AEF9C1000DBE28A /* LoginView.swift in Sources */,
				22C16F232AEA4A1500DBE28A /* APIClient.swift in Sources */,
				22C16F132AEA3B1500DBE28A /* HomeViewModel.swift in Sources */,
				22C16F252AEA4B9400DBE28A /* Plugins.swift in Sources */,
				22C16F542AEFB6C600DBE28A /* LogoView.swift in Sources */,
				22C16F102AEA1E3A00DBE28A /* ContentViewModel.swift in Sources */,
				22C16F502AEFB52500DBE28A /* PhoneInputView.swift in Sources */,
				220A1B4E2AE90459002FEFA2 /* FeedbackView.swift in Sources */,
				22C16F2A2AEA5E8A00DBE28A /* UIDevice+Extension.swift in Sources */,
				220A1B582AE90EA3002FEFA2 /* UserDefaults+Extension.swift in Sources */,
				220A1B562AE90A5B002FEFA2 /* Color+Extension.swift in Sources */,
				22C16F282AEA4E2700DBE28A /* Global.swift in Sources */,
				22C16F332AEBA37300DBE28A /* UserInfo.swift in Sources */,
				22C16F4E2AEFA4C500DBE28A /* BackButton.swift in Sources */,
				22C16F312AEB9D3D00DBE28A /* Product.swift in Sources */,
			);
			runOnlyForDeploymentPostprocessing = 0;
		};
/* End PBXSourcesBuildPhase section */

/* Begin XCBuildConfiguration section */
		22EBEE152AD25038008F27DE /* Debug */ = {
			isa = XCBuildConfiguration;
			buildSettings = {
				ALWAYS_SEARCH_USER_PATHS = NO;
				ASSETCATALOG_COMPILER_GENERATE_SWIFT_ASSET_SYMBOL_EXTENSIONS = YES;
				CLANG_ANALYZER_NONNULL = YES;
				CLANG_ANALYZER_NUMBER_OBJECT_CONVERSION = YES_AGGRESSIVE;
				CLANG_CXX_LANGUAGE_STANDARD = "gnu++20";
				CLANG_ENABLE_MODULES = YES;
				CLANG_ENABLE_OBJC_ARC = YES;
				CLANG_ENABLE_OBJC_WEAK = YES;
				CLANG_WARN_BLOCK_CAPTURE_AUTORELEASING = YES;
				CLANG_WARN_BOOL_CONVERSION = YES;
				CLANG_WARN_COMMA = YES;
				CLANG_WARN_CONSTANT_CONVERSION = YES;
				CLANG_WARN_DEPRECATED_OBJC_IMPLEMENTATIONS = YES;
				CLANG_WARN_DIRECT_OBJC_ISA_USAGE = YES_ERROR;
				CLANG_WARN_DOCUMENTATION_COMMENTS = YES;
				CLANG_WARN_EMPTY_BODY = YES;
				CLANG_WARN_ENUM_CONVERSION = YES;
				CLANG_WARN_INFINITE_RECURSION = YES;
				CLANG_WARN_INT_CONVERSION = YES;
				CLANG_WARN_NON_LITERAL_NULL_CONVERSION = YES;
				CLANG_WARN_OBJC_IMPLICIT_RETAIN_SELF = YES;
				CLANG_WARN_OBJC_LITERAL_CONVERSION = YES;
				CLANG_WARN_OBJC_ROOT_CLASS = YES_ERROR;
				CLANG_WARN_QUOTED_INCLUDE_IN_FRAMEWORK_HEADER = YES;
				CLANG_WARN_RANGE_LOOP_ANALYSIS = YES;
				CLANG_WARN_STRICT_PROTOTYPES = YES;
				CLANG_WARN_SUSPICIOUS_MOVE = YES;
				CLANG_WARN_UNGUARDED_AVAILABILITY = YES_AGGRESSIVE;
				CLANG_WARN_UNREACHABLE_CODE = YES;
				CLANG_WARN__DUPLICATE_METHOD_MATCH = YES;
				COPY_PHASE_STRIP = NO;
				DEBUG_INFORMATION_FORMAT = dwarf;
				ENABLE_STRICT_OBJC_MSGSEND = YES;
				ENABLE_TESTABILITY = YES;
				ENABLE_USER_SCRIPT_SANDBOXING = YES;
				GCC_C_LANGUAGE_STANDARD = gnu17;
				GCC_DYNAMIC_NO_PIC = NO;
				GCC_NO_COMMON_BLOCKS = YES;
				GCC_OPTIMIZATION_LEVEL = 0;
				GCC_PREPROCESSOR_DEFINITIONS = (
					"DEBUG=1",
					"$(inherited)",
				);
				GCC_WARN_64_TO_32_BIT_CONVERSION = YES;
				GCC_WARN_ABOUT_RETURN_TYPE = YES_ERROR;
				GCC_WARN_UNDECLARED_SELECTOR = YES;
				GCC_WARN_UNINITIALIZED_AUTOS = YES_AGGRESSIVE;
				GCC_WARN_UNUSED_FUNCTION = YES;
				GCC_WARN_UNUSED_VARIABLE = YES;
				IPHONEOS_DEPLOYMENT_TARGET = 15.0;
				LOCALIZATION_PREFERS_STRING_CATALOGS = YES;
				MTL_ENABLE_DEBUG_INFO = INCLUDE_SOURCE;
				MTL_FAST_MATH = YES;
				ONLY_ACTIVE_ARCH = YES;
				SDKROOT = iphoneos;
				SWIFT_ACTIVE_COMPILATION_CONDITIONS = "DEBUG $(inherited)";
				SWIFT_OPTIMIZATION_LEVEL = "-Onone";
			};
			name = Debug;
		};
		22EBEE162AD25038008F27DE /* Release */ = {
			isa = XCBuildConfiguration;
			buildSettings = {
				ALWAYS_SEARCH_USER_PATHS = NO;
				ASSETCATALOG_COMPILER_GENERATE_SWIFT_ASSET_SYMBOL_EXTENSIONS = YES;
				CLANG_ANALYZER_NONNULL = YES;
				CLANG_ANALYZER_NUMBER_OBJECT_CONVERSION = YES_AGGRESSIVE;
				CLANG_CXX_LANGUAGE_STANDARD = "gnu++20";
				CLANG_ENABLE_MODULES = YES;
				CLANG_ENABLE_OBJC_ARC = YES;
				CLANG_ENABLE_OBJC_WEAK = YES;
				CLANG_WARN_BLOCK_CAPTURE_AUTORELEASING = YES;
				CLANG_WARN_BOOL_CONVERSION = YES;
				CLANG_WARN_COMMA = YES;
				CLANG_WARN_CONSTANT_CONVERSION = YES;
				CLANG_WARN_DEPRECATED_OBJC_IMPLEMENTATIONS = YES;
				CLANG_WARN_DIRECT_OBJC_ISA_USAGE = YES_ERROR;
				CLANG_WARN_DOCUMENTATION_COMMENTS = YES;
				CLANG_WARN_EMPTY_BODY = YES;
				CLANG_WARN_ENUM_CONVERSION = YES;
				CLANG_WARN_INFINITE_RECURSION = YES;
				CLANG_WARN_INT_CONVERSION = YES;
				CLANG_WARN_NON_LITERAL_NULL_CONVERSION = YES;
				CLANG_WARN_OBJC_IMPLICIT_RETAIN_SELF = YES;
				CLANG_WARN_OBJC_LITERAL_CONVERSION = YES;
				CLANG_WARN_OBJC_ROOT_CLASS = YES_ERROR;
				CLANG_WARN_QUOTED_INCLUDE_IN_FRAMEWORK_HEADER = YES;
				CLANG_WARN_RANGE_LOOP_ANALYSIS = YES;
				CLANG_WARN_STRICT_PROTOTYPES = YES;
				CLANG_WARN_SUSPICIOUS_MOVE = YES;
				CLANG_WARN_UNGUARDED_AVAILABILITY = YES_AGGRESSIVE;
				CLANG_WARN_UNREACHABLE_CODE = YES;
				CLANG_WARN__DUPLICATE_METHOD_MATCH = YES;
				COPY_PHASE_STRIP = NO;
				DEBUG_INFORMATION_FORMAT = "dwarf-with-dsym";
				ENABLE_NS_ASSERTIONS = NO;
				ENABLE_STRICT_OBJC_MSGSEND = YES;
				ENABLE_USER_SCRIPT_SANDBOXING = YES;
				GCC_C_LANGUAGE_STANDARD = gnu17;
				GCC_NO_COMMON_BLOCKS = YES;
				GCC_WARN_64_TO_32_BIT_CONVERSION = YES;
				GCC_WARN_ABOUT_RETURN_TYPE = YES_ERROR;
				GCC_WARN_UNDECLARED_SELECTOR = YES;
				GCC_WARN_UNINITIALIZED_AUTOS = YES_AGGRESSIVE;
				GCC_WARN_UNUSED_FUNCTION = YES;
				GCC_WARN_UNUSED_VARIABLE = YES;
				IPHONEOS_DEPLOYMENT_TARGET = 15.0;
				LOCALIZATION_PREFERS_STRING_CATALOGS = YES;
				MTL_ENABLE_DEBUG_INFO = NO;
				MTL_FAST_MATH = YES;
				SDKROOT = iphoneos;
				SWIFT_COMPILATION_MODE = wholemodule;
				VALIDATE_PRODUCT = YES;
			};
			name = Release;
		};
		22EBEE182AD25038008F27DE /* Debug */ = {
			isa = XCBuildConfiguration;
			buildSettings = {
				ASSETCATALOG_COMPILER_APPICON_NAME = AppIcon;
				ASSETCATALOG_COMPILER_GLOBAL_ACCENT_COLOR_NAME = AccentColor;
				CODE_SIGN_STYLE = Automatic;
				CURRENT_PROJECT_VERSION = 1;
				DEVELOPMENT_ASSET_PATHS = "\"EasyFunds/Preview Content\"";
				DEVELOPMENT_TEAM = 7R9X78KKXW;
				ENABLE_PREVIEWS = YES;
				GENERATE_INFOPLIST_FILE = NO;
				INFOPLIST_FILE = EasyFunds/App/Info.plist;
				INFOPLIST_KEY_CFBundleDisplayName = "Easy Funds";
				INFOPLIST_KEY_NSUserTrackingUsageDescription = "This identifier will be used to recommend personalized advertisements to you.";
				INFOPLIST_KEY_UIApplicationSceneManifest_Generation = YES;
				INFOPLIST_KEY_UIApplicationSupportsIndirectInputEvents = YES;
				INFOPLIST_KEY_UILaunchScreen_Generation = YES;
				INFOPLIST_KEY_UILaunchStoryboardName = "Launch Screen.storyboard";
				INFOPLIST_KEY_UISupportedInterfaceOrientations_iPad = "UIInterfaceOrientationPortrait UIInterfaceOrientationPortraitUpsideDown UIInterfaceOrientationLandscapeLeft UIInterfaceOrientationLandscapeRight";
				INFOPLIST_KEY_UISupportedInterfaceOrientations_iPhone = "UIInterfaceOrientationPortrait UIInterfaceOrientationLandscapeLeft UIInterfaceOrientationLandscapeRight";
				IPHONEOS_DEPLOYMENT_TARGET = 15.0;
				LD_RUNPATH_SEARCH_PATHS = (
					"$(inherited)",
					"@executable_path/Frameworks",
				);
				MARKETING_VERSION = 1.0.0;
				PRODUCT_BUNDLE_IDENTIFIER = org.cocoapods.EasyFunds;
				PRODUCT_NAME = "$(TARGET_NAME)";
				SWIFT_EMIT_LOC_STRINGS = YES;
				SWIFT_VERSION = 5.0;
				TARGETED_DEVICE_FAMILY = "1,2";
			};
			name = Debug;
		};
		22EBEE192AD25038008F27DE /* Release */ = {
			isa = XCBuildConfiguration;
			buildSettings = {
				ASSETCATALOG_COMPILER_APPICON_NAME = AppIcon;
				ASSETCATALOG_COMPILER_GLOBAL_ACCENT_COLOR_NAME = AccentColor;
				CODE_SIGN_STYLE = Automatic;
				CURRENT_PROJECT_VERSION = 1;
				DEVELOPMENT_ASSET_PATHS = "\"EasyFunds/Preview Content\"";
				DEVELOPMENT_TEAM = 7R9X78KKXW;
				ENABLE_PREVIEWS = YES;
				GENERATE_INFOPLIST_FILE = NO;
				INFOPLIST_FILE = EasyFunds/App/Info.plist;
				INFOPLIST_KEY_CFBundleDisplayName = "Easy Funds";
				INFOPLIST_KEY_NSUserTrackingUsageDescription = "This identifier will be used to recommend personalized advertisements to you.";
				INFOPLIST_KEY_UIApplicationSceneManifest_Generation = YES;
				INFOPLIST_KEY_UIApplicationSupportsIndirectInputEvents = YES;
				INFOPLIST_KEY_UILaunchScreen_Generation = YES;
				INFOPLIST_KEY_UILaunchStoryboardName = "Launch Screen.storyboard";
				INFOPLIST_KEY_UISupportedInterfaceOrientations_iPad = "UIInterfaceOrientationPortrait UIInterfaceOrientationPortraitUpsideDown UIInterfaceOrientationLandscapeLeft UIInterfaceOrientationLandscapeRight";
				INFOPLIST_KEY_UISupportedInterfaceOrientations_iPhone = "UIInterfaceOrientationPortrait UIInterfaceOrientationLandscapeLeft UIInterfaceOrientationLandscapeRight";
				IPHONEOS_DEPLOYMENT_TARGET = 15.0;
				LD_RUNPATH_SEARCH_PATHS = (
					"$(inherited)",
					"@executable_path/Frameworks",
				);
				MARKETING_VERSION = 1.0.0;
				PRODUCT_BUNDLE_IDENTIFIER = org.cocoapods.EasyFunds;
				PRODUCT_NAME = "$(TARGET_NAME)";
				SWIFT_EMIT_LOC_STRINGS = YES;
				SWIFT_VERSION = 5.0;
				TARGETED_DEVICE_FAMILY = "1,2";
			};
			name = Release;
		};
/* End XCBuildConfiguration section */

/* Begin XCConfigurationList section */
		22EBEE042AD25035008F27DE /* Build configuration list for PBXProject "EasyFunds" */ = {
			isa = XCConfigurationList;
			buildConfigurations = (
				22EBEE152AD25038008F27DE /* Debug */,
				22EBEE162AD25038008F27DE /* Release */,
			);
			defaultConfigurationIsVisible = 0;
			defaultConfigurationName = Release;
		};
		22EBEE172AD25038008F27DE /* Build configuration list for PBXNativeTarget "EasyFunds" */ = {
			isa = XCConfigurationList;
			buildConfigurations = (
				22EBEE182AD25038008F27DE /* Debug */,
				22EBEE192AD25038008F27DE /* Release */,
			);
			defaultConfigurationIsVisible = 0;
			defaultConfigurationName = Release;
		};
/* End XCConfigurationList section */

/* Begin XCRemoteSwiftPackageReference section */
		22C16F192AEA491800DBE28A /* XCRemoteSwiftPackageReference "Moya" */ = {
			isa = XCRemoteSwiftPackageReference;
			repositoryURL = "https://github.com/Moya/Moya.git";
			requirement = {
				kind = upToNextMajorVersion;
				minimumVersion = 15.0.3;
			};
		};
		22C16F3D2AEF5E3D00DBE28A /* XCRemoteSwiftPackageReference "ToastUI" */ = {
			isa = XCRemoteSwiftPackageReference;
			repositoryURL = "https://github.com/quanshousio/ToastUI.git";
			requirement = {
				kind = upToNextMajorVersion;
				minimumVersion = 3.0.1;
			};
		};
		22C16F422AEF8C0900DBE28A /* XCRemoteSwiftPackageReference "Kingfisher" */ = {
			isa = XCRemoteSwiftPackageReference;
			repositoryURL = "https://github.com/onevcat/Kingfisher.git";
			requirement = {
				kind = upToNextMajorVersion;
				minimumVersion = 7.10.0;
			};
		};
		22EAC3402AF0C96F00ADC700 /* XCRemoteSwiftPackageReference "SwiftUIX" */ = {
			isa = XCRemoteSwiftPackageReference;
			repositoryURL = "https://github.com/SwiftUIX/SwiftUIX";
			requirement = {
				kind = upToNextMajorVersion;
				minimumVersion = 0.1.8;
			};
		};
/* End XCRemoteSwiftPackageReference section */

/* Begin XCSwiftPackageProductDependency section */
		22C16F1A2AEA491800DBE28A /* CombineMoya */ = {
			isa = XCSwiftPackageProductDependency;
			package = 22C16F192AEA491800DBE28A /* XCRemoteSwiftPackageReference "Moya" */;
			productName = CombineMoya;
		};
		22C16F1C2AEA491800DBE28A /* Moya */ = {
			isa = XCSwiftPackageProductDependency;
			package = 22C16F192AEA491800DBE28A /* XCRemoteSwiftPackageReference "Moya" */;
			productName = Moya;
		};
		22C16F1E2AEA491800DBE28A /* ReactiveMoya */ = {
			isa = XCSwiftPackageProductDependency;
			package = 22C16F192AEA491800DBE28A /* XCRemoteSwiftPackageReference "Moya" */;
			productName = ReactiveMoya;
		};
		22C16F202AEA491800DBE28A /* RxMoya */ = {
			isa = XCSwiftPackageProductDependency;
			package = 22C16F192AEA491800DBE28A /* XCRemoteSwiftPackageReference "Moya" */;
			productName = RxMoya;
		};
		22C16F3E2AEF5E3D00DBE28A /* ToastUI */ = {
			isa = XCSwiftPackageProductDependency;
			package = 22C16F3D2AEF5E3D00DBE28A /* XCRemoteSwiftPackageReference "ToastUI" */;
			productName = ToastUI;
		};
		22C16F432AEF8C0900DBE28A /* Kingfisher */ = {
			isa = XCSwiftPackageProductDependency;
			package = 22C16F422AEF8C0900DBE28A /* XCRemoteSwiftPackageReference "Kingfisher" */;
			productName = Kingfisher;
		};
		22EAC3412AF0C96F00ADC700 /* SwiftUIX */ = {
			isa = XCSwiftPackageProductDependency;
			package = 22EAC3402AF0C96F00ADC700 /* XCRemoteSwiftPackageReference "SwiftUIX" */;
			productName = SwiftUIX;
		};
/* End XCSwiftPackageProductDependency section */
	};
	rootObject = 22EBEE012AD25035008F27DE /* Project object */;
}
